
Microsoft Visual Studio Solution File, Format Version 12.00
# Visual Studio Version 17
VisualStudioVersion = 17.3.32811.315
MinimumVisualStudioVersion = 10.0.40219.1
Project("{9A19103F-16F7-4668-BE54-9A1E7A4F7556}") = "MinimalAPI", "MinimalAPI.csproj", "{242081C0-1926-4B2C-9937-929271F8709D}"
EndProject
Project("{FAE04EC0-301F-11D3-BF4B-00C04F79EFBC}") = "MinimalApi.Tests", "..\MinimalApi.Tests\MinimalApi.Tests.csproj", "{CF40A84D-7C07-46D1-8B4E-40DB3027BC09}"
EndProject
Global
	GlobalSection(SolutionConfigurationPlatforms) = preSolution
		Debug|Any CPU = Debug|Any CPU
		Release|Any CPU = Release|Any CPU
	EndGlobalSection
	GlobalSection(ProjectConfigurationPlatforms) = postSolution
		{242081C0-1926-4B2C-9937-929271F8709D}.Debug|Any CPU.ActiveCfg = Debug|Any CPU
		{242081C0-1926-4B2C-9937-929271F8709D}.Debug|Any CPU.Build.0 = Debug|Any CPU
		{242081C0-1926-4B2C-9937-929271F8709D}.Release|Any CPU.ActiveCfg = Release|Any CPU
		{242081C0-1926-4B2C-9937-929271F8709D}.Release|Any CPU.Build.0 = Release|Any CPU
		{CF40A84D-7C07-46D1-8B4E-40DB3027BC09}.Debug|Any CPU.ActiveCfg = Debug|Any CPU
		{CF40A84D-7C07-46D1-8B4E-40DB3027BC09}.Debug|Any CPU.Build.0 = Debug|Any CPU
		{CF40A84D-7C07-46D1-8B4E-40DB3027BC09}.Release|Any CPU.ActiveCfg = Release|Any CPU
		{CF40A84D-7C07-46D1-8B4E-40DB3027BC09}.Release|Any CPU.Build.0 = Release|Any CPU
	EndGlobalSection
	GlobalSection(SolutionProperties) = preSolution
		HideSolutionNode = FALSE
	EndGlobalSection
	GlobalSection(ExtensibilityGlobals) = postSolution
		SolutionGuid = {78316836-81D2-4742-B165-C18A457C93E0}
	EndGlobalSection
EndGlobal
